
Microsoft Visual Studio Solution File, Format Version 12.00
# Visual Studio 15
VisualStudioVersion = 15.0.28307.572
MinimumVisualStudioVersion = 10.0.40219.1
Project("{FAE04EC0-301F-11D3-BF4B-00C04F79EFBC}") = "Calculadora", "Calculadora\Calculadora.csproj", "{6C57D25A-CE74-4A55-81DA-438E7C1D40CB}"
EndProject
Project("{FAE04EC0-301F-11D3-BF4B-00C04F79EFBC}") = "Entidades", "ClassLibrary1\Entidades.csproj", "{95BE5A12-A75C-4CFB-897A-62BF4B3FE703}"
EndProject
Global
	GlobalSection(SolutionConfigurationPlatforms) = preSolution
		Debug|Any CPU = Debug|Any CPU
		Release|Any CPU = Release|Any CPU
	EndGlobalSection
	GlobalSection(ProjectConfigurationPlatforms) = postSolution
		{6C57D25A-CE74-4A55-81DA-438E7C1D40CB}.Debug|Any CPU.ActiveCfg = Debug|Any CPU
		{6C57D25A-CE74-4A55-81DA-438E7C1D40CB}.Debug|Any CPU.Build.0 = Debug|Any CPU
		{6C57D25A-CE74-4A55-81DA-438E7C1D40CB}.Release|Any CPU.ActiveCfg = Release|Any CPU
		{6C57D25A-CE74-4A55-81DA-438E7C1D40CB}.Release|Any CPU.Build.0 = Release|Any CPU
		{95BE5A12-A75C-4CFB-897A-62BF4B3FE703}.Debug|Any CPU.ActiveCfg = Debug|Any CPU
		{95BE5A12-A75C-4CFB-897A-62BF4B3FE703}.Debug|Any CPU.Build.0 = Debug|Any CPU
		{95BE5A12-A75C-4CFB-897A-62BF4B3FE703}.Release|Any CPU.ActiveCfg = Release|Any CPU
		{95BE5A12-A75C-4CFB-897A-62BF4B3FE703}.Release|Any CPU.Build.0 = Release|Any CPU
	EndGlobalSection
	GlobalSection(SolutionProperties) = preSolution
		HideSolutionNode = FALSE
	EndGlobalSection
	GlobalSection(ExtensibilityGlobals) = postSolution
		SolutionGuid = {62E39628-6789-4FA8-AC77-D0C8BA751B6E}
	EndGlobalSection
EndGlobal
